PODS:
  - EasyDi (1.4.0)
  - OHHTTPStubs/Core (6.1.0)
  - OHHTTPStubs/Default (6.1.0):
    - OHHTTPStubs/Core
    - OHHTTPStubs/JSON
    - OHHTTPStubs/NSURLSession
    - OHHTTPStubs/OHPathHelpers
  - OHHTTPStubs/JSON (6.1.0):
    - OHHTTPStubs/Core
  - OHHTTPStubs/NSURLSession (6.1.0):
    - OHHTTPStubs/Core
  - OHHTTPStubs/OHPathHelpers (6.1.0)
  - OHHTTPStubs/Swift (6.1.0):
    - OHHTTPStubs/Default
  - SwiftLint (0.25.1)

DEPENDENCIES:
  - EasyDi
  - OHHTTPStubs/Swift
  - SwiftLint

SPEC REPOS:
  https://github.com/CocoaPods/Specs.git:
    - EasyDi
    - OHHTTPStubs
    - SwiftLint

SPEC CHECKSUMS:
  EasyDi: 84cfe04e906c0f463b1b1d76ed4be3db446f9702
  OHHTTPStubs: 1e21c7d2c084b8153fc53d48400d8919d2d432d0
  SwiftLint: ce933681be10c3266e82576dad676fa815a602e9

PODFILE CHECKSUM: 7dba58f7aacaac160d6c757bd24517c010aa046b

COCOAPODS: 1.5.0
